
Microsoft Visual Studio Solution File, Format Version 12.00
# Visual Studio 15
VisualStudioVersion = 15.0.28307.645
MinimumVisualStudioVersion = 10.0.40219.1
Project("{FAE04EC0-301F-11D3-BF4B-00C04F79EFBC}") = "FallingAirplane", "FallingAirplane\FallingAirplane.csproj", "{1815887B-7D66-43FF-8A37-DB1897AC4F23}"
EndProject
Global
	GlobalSection(SolutionConfigurationPlatforms) = preSolution
		Debug|Any CPU = Debug|Any CPU
		Release|Any CPU = Release|Any CPU
	EndGlobalSection
	GlobalSection(ProjectConfigurationPlatforms) = postSolution
		{1815887B-7D66-43FF-8A37-DB1897AC4F23}.Debug|Any CPU.ActiveCfg = Debug|Any CPU
		{1815887B-7D66-43FF-8A37-DB1897AC4F23}.Debug|Any CPU.Build.0 = Debug|Any CPU
		{1815887B-7D66-43FF-8A37-DB1897AC4F23}.Release|Any CPU.ActiveCfg = Release|Any CPU
		{1815887B-7D66-43FF-8A37-DB1897AC4F23}.Release|Any CPU.Build.0 = Release|Any CPU
	EndGlobalSection
	GlobalSection(SolutionProperties) = preSolution
		HideSolutionNode = FALSE
	EndGlobalSection
	GlobalSection(ExtensibilityGlobals) = postSolution
		SolutionGuid = {BFEC5C96-DD54-4AD1-B5ED-829AA068BEE5}
	EndGlobalSection
EndGlobal
